
Microsoft Visual Studio Solution File, Format Version 12.00
# Visual Studio Version 16
VisualStudioVersion = 16.0.28729.10
MinimumVisualStudioVersion = 10.0.40219.1
Project("{2150E333-8FDC-42A3-9474-1A3956D46DE8}") = "src", "src", "{2A7B84DC-1CFD-4D28-B512-F49501A3EB4A}"
EndProject
Project("{2150E333-8FDC-42A3-9474-1A3956D46DE8}") = "SolutionItems", "SolutionItems", "{0381FFE4-22CB-4041-9451-34B25F5B8132}"
	ProjectSection(SolutionItems) = preProject
		README.txt = README.txt
	EndProjectSection
EndProject
Project("{2150E333-8FDC-42A3-9474-1A3956D46DE8}") = "Domain", "Domain", "{649314CE-C27E-4B47-BFC7-EAED4396E0FF}"
EndProject
Project("{FAE04EC0-301F-11D3-BF4B-00C04F79EFBC}") = "NeoNet.Domain", "NeoNet.Domain\NeoNet.Domain.csproj", "{7780B307-BF8E-4465-9F60-16FA8679EDA0}"
EndProject
Project("{FAE04EC0-301F-11D3-BF4B-00C04F79EFBC}") = "NeoNet.Domain.Core", "NeoNet.Domain.Core\NeoNet.Domain.Core.csproj", "{F8465829-7C3B-437E-97BF-E1E4B46CC6B4}"
EndProject
Project("{2150E333-8FDC-42A3-9474-1A3956D46DE8}") = "Application", "Application", "{8D1670C7-4D64-42BE-AE90-603F88CA732E}"
EndProject
Project("{FAE04EC0-301F-11D3-BF4B-00C04F79EFBC}") = "NeoNet.Application", "NeoNet.Application\NeoNet.Application.csproj", "{0FC0C0DB-FA47-4606-845E-A1B42FBA37A6}"
EndProject
Project("{2150E333-8FDC-42A3-9474-1A3956D46DE8}") = "Infra", "Infra", "{94DB8071-1580-4642-AE95-F5D259BE0A82}"
EndProject
Project("{FAE04EC0-301F-11D3-BF4B-00C04F79EFBC}") = "NeoNet.Infra.Data", "NeoNet.Infra.Data\NeoNet.Infra.Data.csproj", "{AA7A11A0-45CC-48B8-A777-E2C6DAA98A52}"
EndProject
Project("{2150E333-8FDC-42A3-9474-1A3956D46DE8}") = "Api", "Api", "{B231BF5C-8EDA-44F3-B647-A66A8CDDD652}"
EndProject
Project("{FAE04EC0-301F-11D3-BF4B-00C04F79EFBC}") = "NeoNet.Api", "NeoNet.Api\NeoNet.Api.csproj", "{1C035EF2-6214-4584-A5FF-2D027EFEEB41}"
EndProject
Project("{FAE04EC0-301F-11D3-BF4B-00C04F79EFBC}") = "NeoNet.Infra.CrossCutting.IoC", "NeoNet.Infra.CrossCutting.IoC\NeoNet.Infra.CrossCutting.IoC.csproj", "{EC8610D2-0840-4EC8-9D26-DEEF11FC98B0}"
EndProject
Global
	GlobalSection(SolutionConfigurationPlatforms) = preSolution
		Debug|Any CPU = Debug|Any CPU
		Release|Any CPU = Release|Any CPU
	EndGlobalSection
	GlobalSection(ProjectConfigurationPlatforms) = postSolution
		{7780B307-BF8E-4465-9F60-16FA8679EDA0}.Debug|Any CPU.ActiveCfg = Debug|Any CPU
		{7780B307-BF8E-4465-9F60-16FA8679EDA0}.Debug|Any CPU.Build.0 = Debug|Any CPU
		{7780B307-BF8E-4465-9F60-16FA8679EDA0}.Release|Any CPU.ActiveCfg = Release|Any CPU
		{7780B307-BF8E-4465-9F60-16FA8679EDA0}.Release|Any CPU.Build.0 = Release|Any CPU
		{F8465829-7C3B-437E-97BF-E1E4B46CC6B4}.Debug|Any CPU.ActiveCfg = Debug|Any CPU
		{F8465829-7C3B-437E-97BF-E1E4B46CC6B4}.Debug|Any CPU.Build.0 = Debug|Any CPU
		{F8465829-7C3B-437E-97BF-E1E4B46CC6B4}.Release|Any CPU.ActiveCfg = Release|Any CPU
		{F8465829-7C3B-437E-97BF-E1E4B46CC6B4}.Release|Any CPU.Build.0 = Release|Any CPU
		{0FC0C0DB-FA47-4606-845E-A1B42FBA37A6}.Debug|Any CPU.ActiveCfg = Debug|Any CPU
		{0FC0C0DB-FA47-4606-845E-A1B42FBA37A6}.Debug|Any CPU.Build.0 = Debug|Any CPU
		{0FC0C0DB-FA47-4606-845E-A1B42FBA37A6}.Release|Any CPU.ActiveCfg = Release|Any CPU
		{0FC0C0DB-FA47-4606-845E-A1B42FBA37A6}.Release|Any CPU.Build.0 = Release|Any CPU
		{AA7A11A0-45CC-48B8-A777-E2C6DAA98A52}.Debug|Any CPU.ActiveCfg = Debug|Any CPU
		{AA7A11A0-45CC-48B8-A777-E2C6DAA98A52}.Debug|Any CPU.Build.0 = Debug|Any CPU
		{AA7A11A0-45CC-48B8-A777-E2C6DAA98A52}.Release|Any CPU.ActiveCfg = Release|Any CPU
		{AA7A11A0-45CC-48B8-A777-E2C6DAA98A52}.Release|Any CPU.Build.0 = Release|Any CPU
		{1C035EF2-6214-4584-A5FF-2D027EFEEB41}.Debug|Any CPU.ActiveCfg = Debug|Any CPU
		{1C035EF2-6214-4584-A5FF-2D027EFEEB41}.Debug|Any CPU.Build.0 = Debug|Any CPU
		{1C035EF2-6214-4584-A5FF-2D027EFEEB41}.Release|Any CPU.ActiveCfg = Release|Any CPU
		{1C035EF2-6214-4584-A5FF-2D027EFEEB41}.Release|Any CPU.Build.0 = Release|Any CPU
		{EC8610D2-0840-4EC8-9D26-DEEF11FC98B0}.Debug|Any CPU.ActiveCfg = Debug|Any CPU
		{EC8610D2-0840-4EC8-9D26-DEEF11FC98B0}.Debug|Any CPU.Build.0 = Debug|Any CPU
		{EC8610D2-0840-4EC8-9D26-DEEF11FC98B0}.Release|Any CPU.ActiveCfg = Release|Any CPU
		{EC8610D2-0840-4EC8-9D26-DEEF11FC98B0}.Release|Any CPU.Build.0 = Release|Any CPU
	EndGlobalSection
	GlobalSection(SolutionProperties) = preSolution
		HideSolutionNode = FALSE
	EndGlobalSection
	GlobalSection(NestedProjects) = preSolution
		{649314CE-C27E-4B47-BFC7-EAED4396E0FF} = {2A7B84DC-1CFD-4D28-B512-F49501A3EB4A}
		{7780B307-BF8E-4465-9F60-16FA8679EDA0} = {649314CE-C27E-4B47-BFC7-EAED4396E0FF}
		{F8465829-7C3B-437E-97BF-E1E4B46CC6B4} = {649314CE-C27E-4B47-BFC7-EAED4396E0FF}
		{8D1670C7-4D64-42BE-AE90-603F88CA732E} = {2A7B84DC-1CFD-4D28-B512-F49501A3EB4A}
		{0FC0C0DB-FA47-4606-845E-A1B42FBA37A6} = {8D1670C7-4D64-42BE-AE90-603F88CA732E}
		{94DB8071-1580-4642-AE95-F5D259BE0A82} = {2A7B84DC-1CFD-4D28-B512-F49501A3EB4A}
		{AA7A11A0-45CC-48B8-A777-E2C6DAA98A52} = {94DB8071-1580-4642-AE95-F5D259BE0A82}
		{B231BF5C-8EDA-44F3-B647-A66A8CDDD652} = {2A7B84DC-1CFD-4D28-B512-F49501A3EB4A}
		{1C035EF2-6214-4584-A5FF-2D027EFEEB41} = {B231BF5C-8EDA-44F3-B647-A66A8CDDD652}
		{EC8610D2-0840-4EC8-9D26-DEEF11FC98B0} = {94DB8071-1580-4642-AE95-F5D259BE0A82}
	EndGlobalSection
	GlobalSection(ExtensibilityGlobals) = postSolution
		SolutionGuid = {CC05F008-17AC-4404-B426-131D24B3026F}
	EndGlobalSection
EndGlobal
